# This file is automatically @generated by Cargo.
# It is not intended for manual editing.
version = 3

[[package]]
name = "client"
version = "0.1.0"
dependencies = [
 "net",
]

[[package]]
name = "net"
version = "0.1.0"
source = "registry+https://github.com/rust-lang/crates.io-index"
checksum = "a69b0f48b4767574ed853cdf90a20b98b62d2488821ba270cb58ebca056b1c8f"
